SITE
  remote: http://supermarket.getchef.com/api/v1
  specs:
    apt (4.0.0)
      compat_resource (>= 0.0.0)
    build-essential (6.0.0)
      compat_resource (>= 12.10)
      mingw (>= 1.1)
      seven_zip (>= 0.0.0)
    chef_handler (1.4.0)
    compat_resource (12.10.6)
    curl (2.0.1)
    fail2ban (2.3.0)
      yum-epel (>= 0.0.0)
    hostname (0.3.0)
      hostsfile (>= 0.0.0)
    hostsfile (2.4.5)
    mingw (1.2.0)
      compat_resource (>= 0.0.0)
      seven_zip (>= 0.0.0)
    mongodb (0.16.2)
      apt (>= 1.8.2)
      python (>= 0.0.0)
      runit (>= 1.5.0)
      yum (>= 3.0)
    packagecloud (0.2.3)
    partial_search (1.0.9)
    phusionpassenger (0.1.2)
    python (1.4.6)
      build-essential (>= 0.0.0)
      yum-epel (>= 0.0.0)
    ruby_build (0.8.0)
    ruby_rbenv (1.0.1)
      ruby_build (>= 0.0.0)
    runit (1.7.8)
      packagecloud (>= 0.0.0)
    seven_zip (2.0.1)
      windows (>= 1.2.2)
    ssh_known_hosts (2.0.0)
      partial_search (>= 0.0.0)
    sudo (2.9.0)
    user (0.4.2)
    windows (1.43.0)
      chef_handler (>= 0.0.0)
    yum (3.11.0)
    yum-epel (0.7.0)
      yum (>= 3.6.3)

DEPENDENCIES
  apt (~> 4.0.0)
  build-essential (~> 6.0.0)
  curl (~> 2.0.1)
  fail2ban (~> 2.3.0)
  hostname (~> 0.3.0)
  mongodb (~> 0.16.2)
  phusionpassenger (~> 0.1.2)
  ruby_build (~> 0.8.0)
  ruby_rbenv (~> 1.0.1)
  ssh_known_hosts (~> 2.0.0)
  sudo (~> 2.9.0)
  user (~> 0.4.2)

